{
  "name": "punchcard-cli",
  "version": "0.1.4",
  "lockfileVersion": 1,
  "requires": true,
  "dependencies": {
    "punchcard": {
      "version": "0.0.0",
      "resolved": "https://registry.npmjs.org/punchcard/-/punchcard-0.0.0.tgz",
      "integrity": "sha1-o2Bs2VXoP7IKcjO7FoB016v/z9c="
    }
  }
}
